// !$*UTF8*$!
{
	archiveVersion = 1;
	classes = {
	};
	objectVersion = 56;
	objects = {

/* Begin PBXBuildFile section */
		B31DC45B2B7AFFB000E38FD2 /* OrderedCollections in Frameworks */ = {isa = PBXBuildFile; productRef = B31DC45A2B7AFFB000E38FD2 /* OrderedCollections */; };
		B3B4768F2B7AACE8005B8104 /* AppDelegate.swift in Sources */ = {isa = PBXBuildFile; fileRef = B3B4768E2B7AACE8005B8104 /* AppDelegate.swift */; };
		B3B476912B7AACE8005B8104 /* SceneDelegate.swift in Sources */ = {isa = PBXBuildFile; fileRef = B3B476902B7AACE8005B8104 /* SceneDelegate.swift */; };
		B3B476932B7AACE8005B8104 /* HomeVC.swift in Sources */ = {isa = PBXBuildFile; fileRef = B3B476922B7AACE8005B8104 /* HomeVC.swift */; };
		B3B476962B7AACE8005B8104 /* Main.storyboard in Resources */ = {isa = PBXBuildFile; fileRef = B3B476942B7AACE8005B8104 /* Main.storyboard */; };
		B3B476992B7AACE8005B8104 /* FriTest.xcdatamodeld in Sources */ = {isa = PBXBuildFile; fileRef = B3B476972B7AACE8005B8104 /* FriTest.xcdatamodeld */; };
		B3B4769B2B7AACE9005B8104 /* Assets.xcassets in Resources */ = {isa = PBXBuildFile; fileRef = B3B4769A2B7AACE9005B8104 /* Assets.xcassets */; };
		B3B4769E2B7AACE9005B8104 /* LaunchScreen.storyboard in Resources */ = {isa = PBXBuildFile; fileRef = B3B4769C2B7AACE9005B8104 /* LaunchScreen.storyboard */; };
		B3B476A92B7AACE9005B8104 /* FriTestTests.swift in Sources */ = {isa = PBXBuildFile; fileRef = B3B476A82B7AACE9005B8104 /* FriTestTests.swift */; };
		B3B476B32B7AACE9005B8104 /* FriTestUITests.swift in Sources */ = {isa = PBXBuildFile; fileRef = B3B476B22B7AACE9005B8104 /* FriTestUITests.swift */; };
		B3B476B52B7AACE9005B8104 /* FriTestUITestsLaunchTests.swift in Sources */ = {isa = PBXBuildFile; fileRef = B3B476B42B7AACE9005B8104 /* FriTestUITestsLaunchTests.swift */; };
		B3B476CF2B7ACE2B005B8104 /* MealAPI.swift in Sources */ = {isa = PBXBuildFile; fileRef = B3B476CE2B7ACE2B005B8104 /* MealAPI.swift */; };
		B3B476D32B7ACEE9005B8104 /* MealServiceAPI.swift in Sources */ = {isa = PBXBuildFile; fileRef = B3B476D22B7ACEE9005B8104 /* MealServiceAPI.swift */; };
		B3B476D52B7AD071005B8104 /* HomeAPI.swift in Sources */ = {isa = PBXBuildFile; fileRef = B3B476D42B7AD071005B8104 /* HomeAPI.swift */; };
		B3B476D82B7AD0CB005B8104 /* NetworkError.swift in Sources */ = {isa = PBXBuildFile; fileRef = B3B476D72B7AD0CB005B8104 /* NetworkError.swift */; };
		B3B476DB2B7AD38C005B8104 /* FetchMealDataFromServiceUseCase.swift in Sources */ = {isa = PBXBuildFile; fileRef = B3B476DA2B7AD38C005B8104 /* FetchMealDataFromServiceUseCase.swift */; };
		B3B476DE2B7AD445005B8104 /* HomeViewModel.swift in Sources */ = {isa = PBXBuildFile; fileRef = B3B476DD2B7AD445005B8104 /* HomeViewModel.swift */; };
		B3B476E02B7AD4C1005B8104 /* UiDataStatus.swift in Sources */ = {isa = PBXBuildFile; fileRef = B3B476DF2B7AD4C1005B8104 /* UiDataStatus.swift */; };
		B3B476E42B7AD7F7005B8104 /* MealTableViewCell.swift in Sources */ = {isa = PBXBuildFile; fileRef = B3B476E22B7AD7F7005B8104 /* MealTableViewCell.swift */; };
		B3B476E52B7AD7F7005B8104 /* MealTableViewCell.xib in Resources */ = {isa = PBXBuildFile; fileRef = B3B476E32B7AD7F7005B8104 /* MealTableViewCell.xib */; };
		B3B476E82B7ADC80005B8104 /* SDWebImage in Frameworks */ = {isa = PBXBuildFile; productRef = B3B476E72B7ADC80005B8104 /* SDWebImage */; };
		B3B476EA2B7ADC80005B8104 /* SDWebImageMapKit in Frameworks */ = {isa = PBXBuildFile; productRef = B3B476E92B7ADC80005B8104 /* SDWebImageMapKit */; };
/* End PBXBuildFile section */

/* Begin PBXContainerItemProxy section */
		B3B476A52B7AACE9005B8104 /* PBXContainerItemProxy */ = {
			isa = PBXContainerItemProxy;
			containerPortal = B3B476832B7AACE8005B8104 /* Project object */;
			proxyType = 1;
			remoteGlobalIDString = B3B4768A2B7AACE8005B8104;
			remoteInfo = FriTest;
		};
		B3B476AF2B7AACE9005B8104 /* PBXContainerItemProxy */ = {
			isa = PBXContainerItemProxy;
			containerPortal = B3B476832B7AACE8005B8104 /* Project object */;
			proxyType = 1;
			remoteGlobalIDString = B3B4768A2B7AACE8005B8104;
			remoteInfo = FriTest;
		};
/* End PBXContainerItemProxy section */

/* Begin PBXFileReference section */
		B3B4768B2B7AACE8005B8104 /* FriTest.app */ = {isa = PBXFileReference; explicitFileType = wrapper.application; includeInIndex = 0; path = FriTest.app; sourceTree = BUILT_PRODUCTS_DIR; };
		B3B4768E2B7AACE8005B8104 /* AppDelegate.swift */ = {isa = PBXFileReference; lastKnownFileType = sourcecode.swift; path = AppDelegate.swift; sourceTree = "<group>"; };
		B3B476902B7AACE8005B8104 /* SceneDelegate.swift */ = {isa = PBXFileReference; lastKnownFileType = sourcecode.swift; path = SceneDelegate.swift; sourceTree = "<group>"; };
		B3B476922B7AACE8005B8104 /* HomeVC.swift */ = {isa = PBXFileReference; lastKnownFileType = sourcecode.swift; path = HomeVC.swift; sourceTree = "<group>"; };
		B3B476952B7AACE8005B8104 /* Base */ = {isa = PBXFileReference; lastKnownFileType = file.storyboard; name = Base; path = Base.lproj/Main.storyboard; sourceTree = "<group>"; };
		B3B476982B7AACE8005B8104 /* FriTest.xcdatamodel */ = {isa = PBXFileReference; lastKnownFileType = wrapper.xcdatamodel; path = FriTest.xcdatamodel; sourceTree = "<group>"; };
		B3B4769A2B7AACE9005B8104 /* Assets.xcassets */ = {isa = PBXFileReference; lastKnownFileType = folder.assetcatalog; path = Assets.xcassets; sourceTree = "<group>"; };
		B3B4769D2B7AACE9005B8104 /* Base */ = {isa = PBXFileReference; lastKnownFileType = file.storyboard; name = Base; path = Base.lproj/LaunchScreen.storyboard; sourceTree = "<group>"; };
		B3B4769F2B7AACE9005B8104 /* Info.plist */ = {isa = PBXFileReference; lastKnownFileType = text.plist.xml; path = Info.plist; sourceTree = "<group>"; };
		B3B476A42B7AACE9005B8104 /* FriTestTests.xctest */ = {isa = PBXFileReference; explicitFileType = wrapper.cfbundle; includeInIndex = 0; path = FriTestTests.xctest; sourceTree = BUILT_PRODUCTS_DIR; };
		B3B476A82B7AACE9005B8104 /* FriTestTests.swift */ = {isa = PBXFileReference; lastKnownFileType = sourcecode.swift; path = FriTestTests.swift; sourceTree = "<group>"; };
		B3B476AE2B7AACE9005B8104 /* FriTestUITests.xctest */ = {isa = PBXFileReference; explicitFileType = wrapper.cfbundle; includeInIndex = 0; path = FriTestUITests.xctest; sourceTree = BUILT_PRODUCTS_DIR; };
		B3B476B22B7AACE9005B8104 /* FriTestUITests.swift */ = {isa = PBXFileReference; lastKnownFileType = sourcecode.swift; path = FriTestUITests.swift; sourceTree = "<group>"; };
		B3B476B42B7AACE9005B8104 /* FriTestUITestsLaunchTests.swift */ = {isa = PBXFileReference; lastKnownFileType = sourcecode.swift; path = FriTestUITestsLaunchTests.swift; sourceTree = "<group>"; };
		B3B476CE2B7ACE2B005B8104 /* MealAPI.swift */ = {isa = PBXFileReference; lastKnownFileType = sourcecode.swift; path = MealAPI.swift; sourceTree = "<group>"; };
		B3B476D22B7ACEE9005B8104 /* MealServiceAPI.swift */ = {isa = PBXFileReference; lastKnownFileType = sourcecode.swift; path = MealServiceAPI.swift; sourceTree = "<group>"; };
		B3B476D42B7AD071005B8104 /* HomeAPI.swift */ = {isa = PBXFileReference; lastKnownFileType = sourcecode.swift; path = HomeAPI.swift; sourceTree = "<group>"; };
		B3B476D72B7AD0CB005B8104 /* NetworkError.swift */ = {isa = PBXFileReference; lastKnownFileType = sourcecode.swift; path = NetworkError.swift; sourceTree = "<group>"; };
		B3B476DA2B7AD38C005B8104 /* FetchMealDataFromServiceUseCase.swift */ = {isa = PBXFileReference; lastKnownFileType = sourcecode.swift; path = FetchMealDataFromServiceUseCase.swift; sourceTree = "<group>"; };
		B3B476DD2B7AD445005B8104 /* HomeViewModel.swift */ = {isa = PBXFileReference; lastKnownFileType = sourcecode.swift; path = HomeViewModel.swift; sourceTree = "<group>"; };
		B3B476DF2B7AD4C1005B8104 /* UiDataStatus.swift */ = {isa = PBXFileReference; lastKnownFileType = sourcecode.swift; path = UiDataStatus.swift; sourceTree = "<group>"; };
		B3B476E22B7AD7F7005B8104 /* MealTableViewCell.swift */ = {isa = PBXFileReference; lastKnownFileType = sourcecode.swift; path = MealTableViewCell.swift; sourceTree = "<group>"; };
		B3B476E32B7AD7F7005B8104 /* MealTableViewCell.xib */ = {isa = PBXFileReference; lastKnownFileType = file.xib; path = MealTableViewCell.xib; sourceTree = "<group>"; };
/* End PBXFileReference section */

/* Begin PBXFrameworksBuildPhase section */
		B3B476882B7AACE8005B8104 /* Frameworks */ = {
			isa = PBXFrameworksBuildPhase;
			buildActionMask = 2147483647;
			files = (
				B3B476EA2B7ADC80005B8104 /* SDWebImageMapKit in Frameworks */,
				B3B476E82B7ADC80005B8104 /* SDWebImage in Frameworks */,
				B31DC45B2B7AFFB000E38FD2 /* OrderedCollections in Frameworks */,
			);
			runOnlyForDeploymentPostprocessing = 0;
		};
		B3B476A12B7AACE9005B8104 /* Frameworks */ = {
			isa = PBXFrameworksBuildPhase;
			buildActionMask = 2147483647;
			files = (
			);
			runOnlyForDeploymentPostprocessing = 0;
		};
		B3B476AB2B7AACE9005B8104 /* Frameworks */ = {
			isa = PBXFrameworksBuildPhase;
			buildActionMask = 2147483647;
			files = (
			);
			runOnlyForDeploymentPostprocessing = 0;
		};
/* End PBXFrameworksBuildPhase section */

/* Begin PBXGroup section */
		B3B476822B7AACE8005B8104 = {
			isa = PBXGroup;
			children = (
				B3B4768D2B7AACE8005B8104 /* FriTest */,
				B3B476A72B7AACE9005B8104 /* FriTestTests */,
				B3B476B12B7AACE9005B8104 /* FriTestUITests */,
				B3B4768C2B7AACE8005B8104 /* Products */,
			);
			sourceTree = "<group>";
		};
		B3B4768C2B7AACE8005B8104 /* Products */ = {
			isa = PBXGroup;
			children = (
				B3B4768B2B7AACE8005B8104 /* FriTest.app */,
				B3B476A42B7AACE9005B8104 /* FriTestTests.xctest */,
				B3B476AE2B7AACE9005B8104 /* FriTestUITests.xctest */,
			);
			name = Products;
			sourceTree = "<group>";
		};
		B3B4768D2B7AACE8005B8104 /* FriTest */ = {
			isa = PBXGroup;
			children = (
				B3B476D12B7ACED8005B8104 /* Ui */,
				B3B476CC2B7ACDF3005B8104 /* Core */,
				B3B4768E2B7AACE8005B8104 /* AppDelegate.swift */,
				B3B476902B7AACE8005B8104 /* SceneDelegate.swift */,
				B3B476942B7AACE8005B8104 /* Main.storyboard */,
				B3B4769A2B7AACE9005B8104 /* Assets.xcassets */,
				B3B4769C2B7AACE9005B8104 /* LaunchScreen.storyboard */,
				B3B4769F2B7AACE9005B8104 /* Info.plist */,
				B3B476972B7AACE8005B8104 /* FriTest.xcdatamodeld */,
			);
			path = FriTest;
			sourceTree = "<group>";
		};
		B3B476A72B7AACE9005B8104 /* FriTestTests */ = {
			isa = PBXGroup;
			children = (
				B3B476A82B7AACE9005B8104 /* FriTestTests.swift */,
			);
			path = FriTestTests;
			sourceTree = "<group>";
		};
		B3B476B12B7AACE9005B8104 /* FriTestUITests */ = {
			isa = PBXGroup;
			children = (
				B3B476B22B7AACE9005B8104 /* FriTestUITests.swift */,
				B3B476B42B7AACE9005B8104 /* FriTestUITestsLaunchTests.swift */,
			);
			path = FriTestUITests;
			sourceTree = "<group>";
		};
		B3B476CC2B7ACDF3005B8104 /* Core */ = {
			isa = PBXGroup;
			children = (
				B3B476D92B7AD372005B8104 /* Use Case */,
				B3B476D62B7AD0BD005B8104 /* Utilities */,
				B3B476D02B7ACEB1005B8104 /* Service */,
				B3B476CD2B7ACDF9005B8104 /* Models */,
			);
			path = Core;
			sourceTree = "<group>";
		};
		B3B476CD2B7ACDF9005B8104 /* Models */ = {
			isa = PBXGroup;
			children = (
				B3B476CE2B7ACE2B005B8104 /* MealAPI.swift */,
				B3B476D42B7AD071005B8104 /* HomeAPI.swift */,
			);
			path = Models;
			sourceTree = "<group>";
		};
		B3B476D02B7ACEB1005B8104 /* Service */ = {
			isa = PBXGroup;
			children = (
				B3B476D22B7ACEE9005B8104 /* MealServiceAPI.swift */,
			);
			path = Service;
			sourceTree = "<group>";
		};
		B3B476D12B7ACED8005B8104 /* Ui */ = {
			isa = PBXGroup;
			children = (
				B3B476E12B7AD7CA005B8104 /* Cell */,
				B3B476DC2B7AD433005B8104 /* View Model */,
				B3B476922B7AACE8005B8104 /* HomeVC.swift */,
			);
			path = Ui;
			sourceTree = "<group>";
		};
		B3B476D62B7AD0BD005B8104 /* Utilities */ = {
			isa = PBXGroup;
			children = (
				B3B476D72B7AD0CB005B8104 /* NetworkError.swift */,
				B3B476DF2B7AD4C1005B8104 /* UiDataStatus.swift */,
			);
			path = Utilities;
			sourceTree = "<group>";
		};
		B3B476D92B7AD372005B8104 /* Use Case */ = {
			isa = PBXGroup;
			children = (
				B3B476DA2B7AD38C005B8104 /* FetchMealDataFromServiceUseCase.swift */,
			);
			path = "Use Case";
			sourceTree = "<group>";
		};
		B3B476DC2B7AD433005B8104 /* View Model */ = {
			isa = PBXGroup;
			children = (
				B3B476DD2B7AD445005B8104 /* HomeViewModel.swift */,
			);
			path = "View Model";
			sourceTree = "<group>";
		};
		B3B476E12B7AD7CA005B8104 /* Cell */ = {
			isa = PBXGroup;
			children = (
				B3B476E22B7AD7F7005B8104 /* MealTableViewCell.swift */,
				B3B476E32B7AD7F7005B8104 /* MealTableViewCell.xib */,
			);
			path = Cell;
			sourceTree = "<group>";
		};
/* End PBXGroup section */

/* Begin PBXNativeTarget section */
		B3B4768A2B7AACE8005B8104 /* FriTest */ = {
			isa = PBXNativeTarget;
			buildConfigurationList = B3B476B82B7AACE9005B8104 /* Build configuration list for PBXNativeTarget "FriTest" */;
			buildPhases = (
				B3B476872B7AACE8005B8104 /* Sources */,
				B3B476882B7AACE8005B8104 /* Frameworks */,
				B3B476892B7AACE8005B8104 /* Resources */,
			);
			buildRules = (
			);
			dependencies = (
			);
			name = FriTest;
			packageProductDependencies = (
				B3B476E72B7ADC80005B8104 /* SDWebImage */,
				B3B476E92B7ADC80005B8104 /* SDWebImageMapKit */,
				B31DC45A2B7AFFB000E38FD2 /* OrderedCollections */,
			);
			productName = FriTest;
			productReference = B3B4768B2B7AACE8005B8104 /* FriTest.app */;
			productType = "com.apple.product-type.application";
		};
		B3B476A32B7AACE9005B8104 /* FriTestTests */ = {
			isa = PBXNativeTarget;
			buildConfigurationList = B3B476BB2B7AACE9005B8104 /* Build configuration list for PBXNativeTarget "FriTestTests" */;
			buildPhases = (
				B3B476A02B7AACE9005B8104 /* Sources */,
				B3B476A12B7AACE9005B8104 /* Frameworks */,
				B3B476A22B7AACE9005B8104 /* Resources */,
			);
			buildRules = (
			);
			dependencies = (
				B3B476A62B7AACE9005B8104 /* PBXTargetDependency */,
			);
			name = FriTestTests;
			productName = FriTestTests;
			productReference = B3B476A42B7AACE9005B8104 /* FriTestTests.xctest */;
			productType = "com.apple.product-type.bundle.unit-test";
		};
		B3B476AD2B7AACE9005B8104 /* FriTestUITests */ = {
			isa = PBXNativeTarget;
			buildConfigurationList = B3B476BE2B7AACE9005B8104 /* Build configuration list for PBXNativeTarget "FriTestUITests" */;
			buildPhases = (
				B3B476AA2B7AACE9005B8104 /* Sources */,
				B3B476AB2B7AACE9005B8104 /* Frameworks */,
				B3B476AC2B7AACE9005B8104 /* Resources */,
			);
			buildRules = (
			);
			dependencies = (
				B3B476B02B7AACE9005B8104 /* PBXTargetDependency */,
			);
			name = FriTestUITests;
			productName = FriTestUITests;
			productReference = B3B476AE2B7AACE9005B8104 /* FriTestUITests.xctest */;
			productType = "com.apple.product-type.bundle.ui-testing";
		};
/* End PBXNativeTarget section */

/* Begin PBXProject section */
		B3B476832B7AACE8005B8104 /* Project object */ = {
			isa = PBXProject;
			attributes = {
				BuildIndependentTargetsInParallel = 1;
				LastSwiftUpdateCheck = 1500;
				LastUpgradeCheck = 1500;
				TargetAttributes = {
					B3B4768A2B7AACE8005B8104 = {
						CreatedOnToolsVersion = 15.0.1;
					};
					B3B476A32B7AACE9005B8104 = {
						CreatedOnToolsVersion = 15.0.1;
						TestTargetID = B3B4768A2B7AACE8005B8104;
					};
					B3B476AD2B7AACE9005B8104 = {
						CreatedOnToolsVersion = 15.0.1;
						TestTargetID = B3B4768A2B7AACE8005B8104;
					};
				};
			};
			buildConfigurationList = B3B476862B7AACE8005B8104 /* Build configuration list for PBXProject "FriTest" */;
			compatibilityVersion = "Xcode 14.0";
			developmentRegion = en;
			hasScannedForEncodings = 0;
			knownRegions = (
				en,
				Base,
			);
			mainGroup = B3B476822B7AACE8005B8104;
			packageReferences = (
				B3B476E62B7ADC80005B8104 /* XCRemoteSwiftPackageReference "SDWebImage" */,
				B31DC4592B7AFFB000E38FD2 /* XCRemoteSwiftPackageReference "swift-collections" */,
			);
			productRefGroup = B3B4768C2B7AACE8005B8104 /* Products */;
			projectDirPath = "";
			projectRoot = "";
			targets = (
				B3B4768A2B7AACE8005B8104 /* FriTest */,
				B3B476A32B7AACE9005B8104 /* FriTestTests */,
				B3B476AD2B7AACE9005B8104 /* FriTestUITests */,
			);
		};
/* End PBXProject section */

/* Begin PBXResourcesBuildPhase section */
		B3B476892B7AACE8005B8104 /* Resources */ = {
			isa = PBXResourcesBuildPhase;
			buildActionMask = 2147483647;
			files = (
				B3B476E52B7AD7F7005B8104 /* MealTableViewCell.xib in Resources */,
				B3B4769E2B7AACE9005B8104 /* LaunchScreen.storyboard in Resources */,
				B3B4769B2B7AACE9005B8104 /* Assets.xcassets in Resources */,
				B3B476962B7AACE8005B8104 /* Main.storyboard in Resources */,
			);
			runOnlyForDeploymentPostprocessing = 0;
		};
		B3B476A22B7AACE9005B8104 /* Resources */ = {
			isa = PBXResourcesBuildPhase;
			buildActionMask = 2147483647;
			files = (
			);
			runOnlyForDeploymentPostprocessing = 0;
		};
		B3B476AC2B7AACE9005B8104 /* Resources */ = {
			isa = PBXResourcesBuildPhase;
			buildActionMask = 2147483647;
			files = (
			);
			runOnlyForDeploymentPostprocessing = 0;
		};
/* End PBXResourcesBuildPhase section */

/* Begin PBXSourcesBuildPhase section */
		B3B476872B7AACE8005B8104 /* Sources */ = {
			isa = PBXSourcesBuildPhase;
			buildActionMask = 2147483647;
			files = (
				B3B476D52B7AD071005B8104 /* HomeAPI.swift in Sources */,
				B3B476D82B7AD0CB005B8104 /* NetworkError.swift in Sources */,
				B3B476932B7AACE8005B8104 /* HomeVC.swift in Sources */,
				B3B476DE2B7AD445005B8104 /* HomeViewModel.swift in Sources */,
				B3B476992B7AACE8005B8104 /* FriTest.xcdatamodeld in Sources */,
				B3B476CF2B7ACE2B005B8104 /* MealAPI.swift in Sources */,
				B3B4768F2B7AACE8005B8104 /* AppDelegate.swift in Sources */,
				B3B476E02B7AD4C1005B8104 /* UiDataStatus.swift in Sources */,
				B3B476E42B7AD7F7005B8104 /* MealTableViewCell.swift in Sources */,
				B3B476912B7AACE8005B8104 /* SceneDelegate.swift in Sources */,
				B3B476D32B7ACEE9005B8104 /* MealServiceAPI.swift in Sources */,
				B3B476DB2B7AD38C005B8104 /* FetchMealDataFromServiceUseCase.swift in Sources */,
			);
			runOnlyForDeploymentPostprocessing = 0;
		};
		B3B476A02B7AACE9005B8104 /* Sources */ = {
			isa = PBXSourcesBuildPhase;
			buildActionMask = 2147483647;
			files = (
				B3B476A92B7AACE9005B8104 /* FriTestTests.swift in Sources */,
			);
			runOnlyForDeploymentPostprocessing = 0;
		};
		B3B476AA2B7AACE9005B8104 /* Sources */ = {
			isa = PBXSourcesBuildPhase;
			buildActionMask = 2147483647;
			files = (
				B3B476B52B7AACE9005B8104 /* FriTestUITestsLaunchTests.swift in Sources */,
				B3B476B32B7AACE9005B8104 /* FriTestUITests.swift in Sources */,
			);
			runOnlyForDeploymentPostprocessing = 0;
		};
/* End PBXSourcesBuildPhase section */

/* Begin PBXTargetDependency section */
		B3B476A62B7AACE9005B8104 /* PBXTargetDependency */ = {
			isa = PBXTargetDependency;
			target = B3B4768A2B7AACE8005B8104 /* FriTest */;
			targetProxy = B3B476A52B7AACE9005B8104 /* PBXContainerItemProxy */;
		};
		B3B476B02B7AACE9005B8104 /* PBXTargetDependency */ = {
			isa = PBXTargetDependency;
			target = B3B4768A2B7AACE8005B8104 /* FriTest */;
			targetProxy = B3B476AF2B7AACE9005B8104 /* PBXContainerItemProxy */;
		};
/* End PBXTargetDependency section */

/* Begin PBXVariantGroup section */
		B3B476942B7AACE8005B8104 /* Main.storyboard */ = {
			isa = PBXVariantGroup;
			children = (
				B3B476952B7AACE8005B8104 /* Base */,
			);
			name = Main.storyboard;
			sourceTree = "<group>";
		};
		B3B4769C2B7AACE9005B8104 /* LaunchScreen.storyboard */ = {
			isa = PBXVariantGroup;
			children = (
				B3B4769D2B7AACE9005B8104 /* Base */,
			);
			name = LaunchScreen.storyboard;
			sourceTree = "<group>";
		};
/* End PBXVariantGroup section */

/* Begin XCBuildConfiguration section */
		B3B476B62B7AACE9005B8104 /* Debug */ = {
			isa = XCBuildConfiguration;
			buildSettings = {
				ALWAYS_SEARCH_USER_PATHS = NO;
				ASSETCATALOG_COMPILER_GENERATE_SWIFT_ASSET_SYMBOL_EXTENSIONS = YES;
				CLANG_ANALYZER_NONNULL = YES;
				CLANG_ANALYZER_NUMBER_OBJECT_CONVERSION = YES_AGGRESSIVE;
				CLANG_CXX_LANGUAGE_STANDARD = "gnu++20";
				CLANG_ENABLE_MODULES = YES;
				CLANG_ENABLE_OBJC_ARC = YES;
				CLANG_ENABLE_OBJC_WEAK = YES;
				CLANG_WARN_BLOCK_CAPTURE_AUTORELEASING = YES;
				CLANG_WARN_BOOL_CONVERSION = YES;
				CLANG_WARN_COMMA = YES;
				CLANG_WARN_CONSTANT_CONVERSION = YES;
				CLANG_WARN_DEPRECATED_OBJC_IMPLEMENTATIONS = YES;
				CLANG_WARN_DIRECT_OBJC_ISA_USAGE = YES_ERROR;
				CLANG_WARN_DOCUMENTATION_COMMENTS = YES;
				CLANG_WARN_EMPTY_BODY = YES;
				CLANG_WARN_ENUM_CONVERSION = YES;
				CLANG_WARN_INFINITE_RECURSION = YES;
				CLANG_WARN_INT_CONVERSION = YES;
				CLANG_WARN_NON_LITERAL_NULL_CONVERSION = YES;
				CLANG_WARN_OBJC_IMPLICIT_RETAIN_SELF = YES;
				CLANG_WARN_OBJC_LITERAL_CONVERSION = YES;
				CLANG_WARN_OBJC_ROOT_CLASS = YES_ERROR;
				CLANG_WARN_QUOTED_INCLUDE_IN_FRAMEWORK_HEADER = YES;
				CLANG_WARN_RANGE_LOOP_ANALYSIS = YES;
				CLANG_WARN_STRICT_PROTOTYPES = YES;
				CLANG_WARN_SUSPICIOUS_MOVE = YES;
				CLANG_WARN_UNGUARDED_AVAILABILITY = YES_AGGRESSIVE;
				CLANG_WARN_UNREACHABLE_CODE = YES;
				CLANG_WARN__DUPLICATE_METHOD_MATCH = YES;
				COPY_PHASE_STRIP = NO;
				DEBUG_INFORMATION_FORMAT = dwarf;
				ENABLE_STRICT_OBJC_MSGSEND = YES;
				ENABLE_TESTABILITY = YES;
				ENABLE_USER_SCRIPT_SANDBOXING = YES;
				GCC_C_LANGUAGE_STANDARD = gnu17;
				GCC_DYNAMIC_NO_PIC = NO;
				GCC_NO_COMMON_BLOCKS = YES;
				GCC_OPTIMIZATION_LEVEL = 0;
				GCC_PREPROCESSOR_DEFINITIONS = (
					"DEBUG=1",
					"$(inherited)",
				);
				GCC_WARN_64_TO_32_BIT_CONVERSION = YES;
				GCC_WARN_ABOUT_RETURN_TYPE = YES_ERROR;
				GCC_WARN_UNDECLARED_SELECTOR = YES;
				GCC_WARN_UNINITIALIZED_AUTOS = YES_AGGRESSIVE;
				GCC_WARN_UNUSED_FUNCTION = YES;
				GCC_WARN_UNUSED_VARIABLE = YES;
				IPHONEOS_DEPLOYMENT_TARGET = 17.0;
				LOCALIZATION_PREFERS_STRING_CATALOGS = YES;
				MTL_ENABLE_DEBUG_INFO = INCLUDE_SOURCE;
				MTL_FAST_MATH = YES;
				ONLY_ACTIVE_ARCH = YES;
				SDKROOT = iphoneos;
				SWIFT_ACTIVE_COMPILATION_CONDITIONS = "DEBUG $(inherited)";
				SWIFT_OPTIMIZATION_LEVEL = "-Onone";
			};
			name = Debug;
		};
		B3B476B72B7AACE9005B8104 /* Release */ = {
			isa = XCBuildConfiguration;
			buildSettings = {
				ALWAYS_SEARCH_USER_PATHS = NO;
				ASSETCATALOG_COMPILER_GENERATE_SWIFT_ASSET_SYMBOL_EXTENSIONS = YES;
				CLANG_ANALYZER_NONNULL = YES;
				CLANG_ANALYZER_NUMBER_OBJECT_CONVERSION = YES_AGGRESSIVE;
				CLANG_CXX_LANGUAGE_STANDARD = "gnu++20";
				CLANG_ENABLE_MODULES = YES;
				CLANG_ENABLE_OBJC_ARC = YES;
				CLANG_ENABLE_OBJC_WEAK = YES;
				CLANG_WARN_BLOCK_CAPTURE_AUTORELEASING = YES;
				CLANG_WARN_BOOL_CONVERSION = YES;
				CLANG_WARN_COMMA = YES;
				CLANG_WARN_CONSTANT_CONVERSION = YES;
				CLANG_WARN_DEPRECATED_OBJC_IMPLEMENTATIONS = YES;
				CLANG_WARN_DIRECT_OBJC_ISA_USAGE = YES_ERROR;
				CLANG_WARN_DOCUMENTATION_COMMENTS = YES;
				CLANG_WARN_EMPTY_BODY = YES;
				CLANG_WARN_ENUM_CONVERSION = YES;
				CLANG_WARN_INFINITE_RECURSION = YES;
				CLANG_WARN_INT_CONVERSION = YES;
				CLANG_WARN_NON_LITERAL_NULL_CONVERSION = YES;
				CLANG_WARN_OBJC_IMPLICIT_RETAIN_SELF = YES;
				CLANG_WARN_OBJC_LITERAL_CONVERSION = YES;
				CLANG_WARN_OBJC_ROOT_CLASS = YES_ERROR;
				CLANG_WARN_QUOTED_INCLUDE_IN_FRAMEWORK_HEADER = YES;
				CLANG_WARN_RANGE_LOOP_ANALYSIS = YES;
				CLANG_WARN_STRICT_PROTOTYPES = YES;
				CLANG_WARN_SUSPICIOUS_MOVE = YES;
				CLANG_WARN_UNGUARDED_AVAILABILITY = YES_AGGRESSIVE;
				CLANG_WARN_UNREACHABLE_CODE = YES;
				CLANG_WARN__DUPLICATE_METHOD_MATCH = YES;
				COPY_PHASE_STRIP = NO;
				DEBUG_INFORMATION_FORMAT = "dwarf-with-dsym";
				ENABLE_NS_ASSERTIONS = NO;
				ENABLE_STRICT_OBJC_MSGSEND = YES;
				ENABLE_USER_SCRIPT_SANDBOXING = YES;
				GCC_C_LANGUAGE_STANDARD = gnu17;
				GCC_NO_COMMON_BLOCKS = YES;
				GCC_WARN_64_TO_32_BIT_CONVERSION = YES;
				GCC_WARN_ABOUT_RETURN_TYPE = YES_ERROR;
				GCC_WARN_UNDECLARED_SELECTOR = YES;
				GCC_WARN_UNINITIALIZED_AUTOS = YES_AGGRESSIVE;
				GCC_WARN_UNUSED_FUNCTION = YES;
				GCC_WARN_UNUSED_VARIABLE = YES;
				IPHONEOS_DEPLOYMENT_TARGET = 17.0;
				LOCALIZATION_PREFERS_STRING_CATALOGS = YES;
				MTL_ENABLE_DEBUG_INFO = NO;
				MTL_FAST_MATH = YES;
				SDKROOT = iphoneos;
				SWIFT_COMPILATION_MODE = wholemodule;
				VALIDATE_PRODUCT = YES;
			};
			name = Release;
		};
		B3B476B92B7AACE9005B8104 /* Debug */ = {
			isa = XCBuildConfiguration;
			buildSettings = {
				ASSETCATALOG_COMPILER_APPICON_NAME = AppIcon;
				ASSETCATALOG_COMPILER_GLOBAL_ACCENT_COLOR_NAME = AccentColor;
				CODE_SIGN_STYLE = Automatic;
				CURRENT_PROJECT_VERSION = 1;
				DEVELOPMENT_TEAM = HKA6PJ3AC9;
				GENERATE_INFOPLIST_FILE = YES;
				INFOPLIST_FILE = FriTest/Info.plist;
				INFOPLIST_KEY_UIApplicationSupportsIndirectInputEvents = YES;
				INFOPLIST_KEY_UILaunchStoryboardName = LaunchScreen;
				INFOPLIST_KEY_UIMainStoryboardFile = Main;
				INFOPLIST_KEY_UISupportedInterfaceOrientations_iPad = "UIInterfaceOrientationPortrait UIInterfaceOrientationPortraitUpsideDown UIInterfaceOrientationLandscapeLeft UIInterfaceOrientationLandscapeRight";
				INFOPLIST_KEY_UISupportedInterfaceOrientations_iPhone = "UIInterfaceOrientationPortrait UIInterfaceOrientationLandscapeLeft UIInterfaceOrientationLandscapeRight";
				LD_RUNPATH_SEARCH_PATHS = (
					"$(inherited)",
					"@executable_path/Frameworks",
				);
				MARKETING_VERSION = 1.0;
				PRODUCT_BUNDLE_IDENTIFIER = com.lopezleo.FriTest;
				PRODUCT_NAME = "$(TARGET_NAME)";
				SWIFT_EMIT_LOC_STRINGS = YES;
				SWIFT_VERSION = 5.0;
				TARGETED_DEVICE_FAMILY = "1,2";
			};
			name = Debug;
		};
		B3B476BA2B7AACE9005B8104 /* Release */ = {
			isa = XCBuildConfiguration;
			buildSettings = {
				ASSETCATALOG_COMPILER_APPICON_NAME = AppIcon;
				ASSETCATALOG_COMPILER_GLOBAL_ACCENT_COLOR_NAME = AccentColor;
				CODE_SIGN_STYLE = Automatic;
				CURRENT_PROJECT_VERSION = 1;
				DEVELOPMENT_TEAM = HKA6PJ3AC9;
				GENERATE_INFOPLIST_FILE = YES;
				INFOPLIST_FILE = FriTest/Info.plist;
				INFOPLIST_KEY_UIApplicationSupportsIndirectInputEvents = YES;
				INFOPLIST_KEY_UILaunchStoryboardName = LaunchScreen;
				INFOPLIST_KEY_UIMainStoryboardFile = Main;
				INFOPLIST_KEY_UISupportedInterfaceOrientations_iPad = "UIInterfaceOrientationPortrait UIInterfaceOrientationPortraitUpsideDown UIInterfaceOrientationLandscapeLeft UIInterfaceOrientationLandscapeRight";
				INFOPLIST_KEY_UISupportedInterfaceOrientations_iPhone = "UIInterfaceOrientationPortrait UIInterfaceOrientationLandscapeLeft UIInterfaceOrientationLandscapeRight";
				LD_RUNPATH_SEARCH_PATHS = (
					"$(inherited)",
					"@executable_path/Frameworks",
				);
				MARKETING_VERSION = 1.0;
				PRODUCT_BUNDLE_IDENTIFIER = com.lopezleo.FriTest;
				PRODUCT_NAME = "$(TARGET_NAME)";
				SWIFT_EMIT_LOC_STRINGS = YES;
				SWIFT_VERSION = 5.0;
				TARGETED_DEVICE_FAMILY = "1,2";
			};
			name = Release;
		};
		B3B476BC2B7AACE9005B8104 /* Debug */ = {
			isa = XCBuildConfiguration;
			buildSettings = {
				ALWAYS_EMBED_SWIFT_STANDARD_LIBRARIES = YES;
				BUNDLE_LOADER = "$(TEST_HOST)";
				CODE_SIGN_STYLE = Automatic;
				CURRENT_PROJECT_VERSION = 1;
				DEVELOPMENT_TEAM = HKA6PJ3AC9;
				GENERATE_INFOPLIST_FILE = YES;
				IPHONEOS_DEPLOYMENT_TARGET = 17.0;
				MARKETING_VERSION = 1.0;
				PRODUCT_BUNDLE_IDENTIFIER = com.lopezleo.FriTestTests;
				PRODUCT_NAME = "$(TARGET_NAME)";
				SWIFT_EMIT_LOC_STRINGS = NO;
				SWIFT_VERSION = 5.0;
				TARGETED_DEVICE_FAMILY = "1,2";
				TEST_HOST = "$(BUILT_PRODUCTS_DIR)/FriTest.app/$(BUNDLE_EXECUTABLE_FOLDER_PATH)/FriTest";
			};
			name = Debug;
		};
		B3B476BD2B7AACE9005B8104 /* Release */ = {
			isa = XCBuildConfiguration;
			buildSettings = {
				ALWAYS_EMBED_SWIFT_STANDARD_LIBRARIES = YES;
				BUNDLE_LOADER = "$(TEST_HOST)";
				CODE_SIGN_STYLE = Automatic;
				CURRENT_PROJECT_VERSION = 1;
				DEVELOPMENT_TEAM = HKA6PJ3AC9;
				GENERATE_INFOPLIST_FILE = YES;
				IPHONEOS_DEPLOYMENT_TARGET = 17.0;
				MARKETING_VERSION = 1.0;
				PRODUCT_BUNDLE_IDENTIFIER = com.lopezleo.FriTestTests;
				PRODUCT_NAME = "$(TARGET_NAME)";
				SWIFT_EMIT_LOC_STRINGS = NO;
				SWIFT_VERSION = 5.0;
				TARGETED_DEVICE_FAMILY = "1,2";
				TEST_HOST = "$(BUILT_PRODUCTS_DIR)/FriTest.app/$(BUNDLE_EXECUTABLE_FOLDER_PATH)/FriTest";
			};
			name = Release;
		};
		B3B476BF2B7AACE9005B8104 /* Debug */ = {
			isa = XCBuildConfiguration;
			buildSettings = {
				ALWAYS_EMBED_SWIFT_STANDARD_LIBRARIES = YES;
				CODE_SIGN_STYLE = Automatic;
				CURRENT_PROJECT_VERSION = 1;
				DEVELOPMENT_TEAM = HKA6PJ3AC9;
				GENERATE_INFOPLIST_FILE = YES;
				MARKETING_VERSION = 1.0;
				PRODUCT_BUNDLE_IDENTIFIER = com.lopezleo.FriTestUITests;
				PRODUCT_NAME = "$(TARGET_NAME)";
				SWIFT_EMIT_LOC_STRINGS = NO;
				SWIFT_VERSION = 5.0;
				TARGETED_DEVICE_FAMILY = "1,2";
				TEST_TARGET_NAME = FriTest;
			};
			name = Debug;
		};
		B3B476C02B7AACE9005B8104 /* Release */ = {
			isa = XCBuildConfiguration;
			buildSettings = {
				ALWAYS_EMBED_SWIFT_STANDARD_LIBRARIES = YES;
				CODE_SIGN_STYLE = Automatic;
				CURRENT_PROJECT_VERSION = 1;
				DEVELOPMENT_TEAM = HKA6PJ3AC9;
				GENERATE_INFOPLIST_FILE = YES;
				MARKETING_VERSION = 1.0;
				PRODUCT_BUNDLE_IDENTIFIER = com.lopezleo.FriTestUITests;
				PRODUCT_NAME = "$(TARGET_NAME)";
				SWIFT_EMIT_LOC_STRINGS = NO;
				SWIFT_VERSION = 5.0;
				TARGETED_DEVICE_FAMILY = "1,2";
				TEST_TARGET_NAME = FriTest;
			};
			name = Release;
		};
/* End XCBuildConfiguration section */

/* Begin XCConfigurationList section */
		B3B476862B7AACE8005B8104 /* Build configuration list for PBXProject "FriTest" */ = {
			isa = XCConfigurationList;
			buildConfigurations = (
				B3B476B62B7AACE9005B8104 /* Debug */,
				B3B476B72B7AACE9005B8104 /* Release */,
			);
			defaultConfigurationIsVisible = 0;
			defaultConfigurationName = Release;
		};
		B3B476B82B7AACE9005B8104 /* Build configuration list for PBXNativeTarget "FriTest" */ = {
			isa = XCConfigurationList;
			buildConfigurations = (
				B3B476B92B7AACE9005B8104 /* Debug */,
				B3B476BA2B7AACE9005B8104 /* Release */,
			);
			defaultConfigurationIsVisible = 0;
			defaultConfigurationName = Release;
		};
		B3B476BB2B7AACE9005B8104 /* Build configuration list for PBXNativeTarget "FriTestTests" */ = {
			isa = XCConfigurationList;
			buildConfigurations = (
				B3B476BC2B7AACE9005B8104 /* Debug */,
				B3B476BD2B7AACE9005B8104 /* Release */,
			);
			defaultConfigurationIsVisible = 0;
			defaultConfigurationName = Release;
		};
		B3B476BE2B7AACE9005B8104 /* Build configuration list for PBXNativeTarget "FriTestUITests" */ = {
			isa = XCConfigurationList;
			buildConfigurations = (
				B3B476BF2B7AACE9005B8104 /* Debug */,
				B3B476C02B7AACE9005B8104 /* Release */,
			);
			defaultConfigurationIsVisible = 0;
			defaultConfigurationName = Release;
		};
/* End XCConfigurationList section */

/* Begin XCRemoteSwiftPackageReference section */
		B31DC4592B7AFFB000E38FD2 /* XCRemoteSwiftPackageReference "swift-collections" */ = {
			isa = XCRemoteSwiftPackageReference;
			repositoryURL = "https://github.com/apple/swift-collections.git";
			requirement = {
				kind = upToNextMajorVersion;
				minimumVersion = 1.1.0;
			};
		};
		B3B476E62B7ADC80005B8104 /* XCRemoteSwiftPackageReference "SDWebImage" */ = {
			isa = XCRemoteSwiftPackageReference;
			repositoryURL = "https://github.com/SDWebImage/SDWebImage";
			requirement = {
				kind = upToNextMajorVersion;
				minimumVersion = 5.18.10;
			};
		};
/* End XCRemoteSwiftPackageReference section */

/* Begin XCSwiftPackageProductDependency section */
		B31DC45A2B7AFFB000E38FD2 /* OrderedCollections */ = {
			isa = XCSwiftPackageProductDependency;
			package = B31DC4592B7AFFB000E38FD2 /* XCRemoteSwiftPackageReference "swift-collections" */;
			productName = OrderedCollections;
		};
		B3B476E72B7ADC80005B8104 /* SDWebImage */ = {
			isa = XCSwiftPackageProductDependency;
			package = B3B476E62B7ADC80005B8104 /* XCRemoteSwiftPackageReference "SDWebImage" */;
			productName = SDWebImage;
		};
		B3B476E92B7ADC80005B8104 /* SDWebImageMapKit */ = {
			isa = XCSwiftPackageProductDependency;
			package = B3B476E62B7ADC80005B8104 /* XCRemoteSwiftPackageReference "SDWebImage" */;
			productName = SDWebImageMapKit;
		};
/* End XCSwiftPackageProductDependency section */

/* Begin XCVersionGroup section */
		B3B476972B7AACE8005B8104 /* FriTest.xcdatamodeld */ = {
			isa = XCVersionGroup;
			children = (
				B3B476982B7AACE8005B8104 /* FriTest.xcdatamodel */,
			);
			currentVersion = B3B476982B7AACE8005B8104 /* FriTest.xcdatamodel */;
			path = FriTest.xcdatamodeld;
			sourceTree = "<group>";
			versionGroupType = wrapper.xcdatamodel;
		};
/* End XCVersionGroup section */
	};
	rootObject = B3B476832B7AACE8005B8104 /* Project object */;
}
